{
  "name": "steam-to-github",
  "version": "1.0.0",
  "lockfileVersion": 3,
  "requires": true,
  "packages": {
    "": {
      "name": "steam-to-github",
      "version": "1.0.0",
      "license": "MIT",
      "dependencies": {
        "dotenv": "^16.5.0",
        "node-rsa": "^1.1.1",
        "octokit": "^5.0.3",
        "smee-client": "^4.3.1"
      },
      "devDependencies": {
        "@types/node": "^24.0.4",
        "@types/node-rsa": "^1.1.4",
        "tsx": "^4.20.3"
      }
    },
    "node_modules/@esbuild/aix-ppc64": {
      "version": "0.25.5",
      "resolved": "https://registry.npmjs.org/@esbuild/aix-ppc64/-/aix-ppc64-0.25.5.tgz",
      "integrity": "sha512-9o3TMmpmftaCMepOdA5k/yDw8SfInyzWWTjYTFCX3kPSDJMROQTb8jg+h9Cnwnmm1vOzvxN7gIfB5V2ewpjtGA==",
      "cpu": [
        "ppc64"
      ],
      "dev": true,
      "license": "MIT",
      "optional": true,
      "os": [
        "aix"
      ],
      "engines": {
        "node": ">=18"
      }
    },
    "node_modules/@esbuild/android-arm": {
      "version": "0.25.5",
      "resolved": "https://registry.npmjs.org/@esbuild/android-arm/-/android-arm-0.25.5.tgz",
      "integrity": "sha512-AdJKSPeEHgi7/ZhuIPtcQKr5RQdo6OO2IL87JkianiMYMPbCtot9fxPbrMiBADOWWm3T2si9stAiVsGbTQFkbA==",
      "cpu": [
        "arm"
      ],
      "dev": true,
      "license": "MIT",
      "optional": true,
      "os": [
        "android"
      ],
      "engines": {
        "node": ">=18"
      }
    },
    "node_modules/@esbuild/android-arm64": {
      "version": "0.25.5",
      "resolved": "https://registry.npmjs.org/@esbuild/android-arm64/-/android-arm64-0.25.5.tgz",
      "integrity": "sha512-VGzGhj4lJO+TVGV1v8ntCZWJktV7SGCs3Pn1GRWI1SBFtRALoomm8k5E9Pmwg3HOAal2VDc2F9+PM/rEY6oIDg==",
      "cpu": [
        "arm64"
      ],
      "dev": true,
      "license": "MIT",
      "optional": true,
      "os": [
        "android"
      ],
      "engines": {
        "node": ">=18"
      }
    },
    "node_modules/@esbuild/android-x64": {
      "version": "0.25.5",
      "resolved": "https://registry.npmjs.org/@esbuild/android-x64/-/android-x64-0.25.5.tgz",
      "integrity": "sha512-D2GyJT1kjvO//drbRT3Hib9XPwQeWd9vZoBJn+bu/lVsOZ13cqNdDeqIF/xQ5/VmWvMduP6AmXvylO/PIc2isw==",
      "cpu": [
        "x64"
      ],
      "dev": true,
      "license": "MIT",
      "optional": true,
      "os": [
        "android"
      ],
      "engines": {
        "node": ">=18"
      }
    },
    "node_modules/@esbuild/darwin-arm64": {
      "version": "0.25.5",
      "resolved": "https://registry.npmjs.org/@esbuild/darwin-arm64/-/darwin-arm64-0.25.5.tgz",
      "integrity": "sha512-GtaBgammVvdF7aPIgH2jxMDdivezgFu6iKpmT+48+F8Hhg5J/sfnDieg0aeG/jfSvkYQU2/pceFPDKlqZzwnfQ==",
      "cpu": [
        "arm64"
      ],
      "dev": true,
      "license": "MIT",
      "optional": true,
      "os": [
        "darwin"
      ],
      "engines": {
        "node": ">=18"
      }
    },
    "node_modules/@esbuild/darwin-x64": {
      "version": "0.25.5",
      "resolved": "https://registry.npmjs.org/@esbuild/darwin-x64/-/darwin-x64-0.25.5.tgz",
      "integrity": "sha512-1iT4FVL0dJ76/q1wd7XDsXrSW+oLoquptvh4CLR4kITDtqi2e/xwXwdCVH8hVHU43wgJdsq7Gxuzcs6Iq/7bxQ==",
      "cpu": [
        "x64"
      ],
      "dev": true,
      "license": "MIT",
      "optional": true,
      "os": [
        "darwin"
      ],
      "engines": {
        "node": ">=18"
      }
    },
    "node_modules/@esbuild/freebsd-arm64": {
      "version": "0.25.5",
      "resolved": "https://registry.npmjs.org/@esbuild/freebsd-arm64/-/freebsd-arm64-0.25.5.tgz",
      "integrity": "sha512-nk4tGP3JThz4La38Uy/gzyXtpkPW8zSAmoUhK9xKKXdBCzKODMc2adkB2+8om9BDYugz+uGV7sLmpTYzvmz6Sw==",
      "cpu": [
        "arm64"
      ],
      "dev": true,
      "license": "MIT",
      "optional": true,
      "os": [
        "freebsd"
      ],
      "engines": {
        "node": ">=18"
      }
    },
    "node_modules/@esbuild/freebsd-x64": {
      "version": "0.25.5",
      "resolved": "https://registry.npmjs.org/@esbuild/freebsd-x64/-/freebsd-x64-0.25.5.tgz",
      "integrity": "sha512-PrikaNjiXdR2laW6OIjlbeuCPrPaAl0IwPIaRv+SMV8CiM8i2LqVUHFC1+8eORgWyY7yhQY+2U2fA55mBzReaw==",
      "cpu": [
        "x64"
      ],
      "dev": true,
      "license": "MIT",
      "optional": true,
      "os": [
        "freebsd"
      ],
      "engines": {
        "node": ">=18"
      }
    },
    "node_modules/@esbuild/linux-arm": {
      "version": "0.25.5",
      "resolved": "https://registry.npmjs.org/@esbuild/linux-arm/-/linux-arm-0.25.5.tgz",
      "integrity": "sha512-cPzojwW2okgh7ZlRpcBEtsX7WBuqbLrNXqLU89GxWbNt6uIg78ET82qifUy3W6OVww6ZWobWub5oqZOVtwolfw==",
      "cpu": [
        "arm"
      ],
      "dev": true,
      "license": "MIT",
      "optional": true,
      "os": [
        "linux"
      ],
      "engines": {
        "node": ">=18"
      }
    },
    "node_modules/@esbuild/linux-arm64": {
      "version": "0.25.5",
      "resolved": "https://registry.npmjs.org/@esbuild/linux-arm64/-/linux-arm64-0.25.5.tgz",
      "integrity": "sha512-Z9kfb1v6ZlGbWj8EJk9T6czVEjjq2ntSYLY2cw6pAZl4oKtfgQuS4HOq41M/BcoLPzrUbNd+R4BXFyH//nHxVg==",
      "cpu": [
        "arm64"
      ],
      "dev": true,
      "license": "MIT",
      "optional": true,
      "os": [
        "linux"
      ],
      "engines": {
        "node": ">=18"
      }
    },
    "node_modules/@esbuild/linux-ia32": {
      "version": "0.25.5",
      "resolved": "https://registry.npmjs.org/@esbuild/linux-ia32/-/linux-ia32-0.25.5.tgz",
      "integrity": "sha512-sQ7l00M8bSv36GLV95BVAdhJ2QsIbCuCjh/uYrWiMQSUuV+LpXwIqhgJDcvMTj+VsQmqAHL2yYaasENvJ7CDKA==",
      "cpu": [
        "ia32"
      ],
      "dev": true,
      "license": "MIT",
      "optional": true,
      "os": [
        "linux"
      ],
      "engines": {
        "node": ">=18"
      }
    },
    "node_modules/@esbuild/linux-loong64": {
      "version": "0.25.5",
      "resolved": "https://registry.npmjs.org/@esbuild/linux-loong64/-/linux-loong64-0.25.5.tgz",
      "integrity": "sha512-0ur7ae16hDUC4OL5iEnDb0tZHDxYmuQyhKhsPBV8f99f6Z9KQM02g33f93rNH5A30agMS46u2HP6qTdEt6Q1kg==",
      "cpu": [
        "loong64"
      ],
      "dev": true,
      "license": "MIT",
      "optional": true,
      "os": [
        "linux"
      ],
      "engines": {
        "node": ">=18"
      }
    },
    "node_modules/@esbuild/linux-mips64el": {
      "version": "0.25.5",
      "resolved": "https://registry.npmjs.org/@esbuild/linux-mips64el/-/linux-mips64el-0.25.5.tgz",
      "integrity": "sha512-kB/66P1OsHO5zLz0i6X0RxlQ+3cu0mkxS3TKFvkb5lin6uwZ/ttOkP3Z8lfR9mJOBk14ZwZ9182SIIWFGNmqmg==",
      "cpu": [
        "mips64el"
      ],
      "dev": true,
      "license": "MIT",
      "optional": true,
      "os": [
        "linux"
      ],
      "engines": {
        "node": ">=18"
      }
    },
    "node_modules/@esbuild/linux-ppc64": {
      "version": "0.25.5",
      "resolved": "https://registry.npmjs.org/@esbuild/linux-ppc64/-/linux-ppc64-0.25.5.tgz",
      "integrity": "sha512-UZCmJ7r9X2fe2D6jBmkLBMQetXPXIsZjQJCjgwpVDz+YMcS6oFR27alkgGv3Oqkv07bxdvw7fyB71/olceJhkQ==",
      "cpu": [
        "ppc64"
      ],
      "dev": true,
      "license": "MIT",
      "optional": true,
      "os": [
        "linux"
      ],
      "engines": {
        "node": ">=18"
      }
    },
    "node_modules/@esbuild/linux-riscv64": {
      "version": "0.25.5",
      "resolved": "https://registry.npmjs.org/@esbuild/linux-riscv64/-/linux-riscv64-0.25.5.tgz",
      "integrity": "sha512-kTxwu4mLyeOlsVIFPfQo+fQJAV9mh24xL+y+Bm6ej067sYANjyEw1dNHmvoqxJUCMnkBdKpvOn0Ahql6+4VyeA==",
      "cpu": [
        "riscv64"
      ],
      "dev": true,
      "license": "MIT",
      "optional": true,
      "os": [
        "linux"
      ],
      "engines": {
        "node": ">=18"
      }
    },
    "node_modules/@esbuild/linux-s390x": {
      "version": "0.25.5",
      "resolved": "https://registry.npmjs.org/@esbuild/linux-s390x/-/linux-s390x-0.25.5.tgz",
      "integrity": "sha512-K2dSKTKfmdh78uJ3NcWFiqyRrimfdinS5ErLSn3vluHNeHVnBAFWC8a4X5N+7FgVE1EjXS1QDZbpqZBjfrqMTQ==",
      "cpu": [
        "s390x"
      ],
      "dev": true,
      "license": "MIT",
      "optional": true,
      "os": [
        "linux"
      ],
      "engines": {
        "node": ">=18"
      }
    },
    "node_modules/@esbuild/linux-x64": {
      "version": "0.25.5",
      "resolved": "https://registry.npmjs.org/@esbuild/linux-x64/-/linux-x64-0.25.5.tgz",
      "integrity": "sha512-uhj8N2obKTE6pSZ+aMUbqq+1nXxNjZIIjCjGLfsWvVpy7gKCOL6rsY1MhRh9zLtUtAI7vpgLMK6DxjO8Qm9lJw==",
      "cpu": [
        "x64"
      ],
      "dev": true,
      "license": "MIT",
      "optional": true,
      "os": [
        "linux"
      ],
      "engines": {
        "node": ">=18"
      }
    },
    "node_modules/@esbuild/netbsd-arm64": {
      "version": "0.25.5",
      "resolved": "https://registry.npmjs.org/@esbuild/netbsd-arm64/-/netbsd-arm64-0.25.5.tgz",
      "integrity": "sha512-pwHtMP9viAy1oHPvgxtOv+OkduK5ugofNTVDilIzBLpoWAM16r7b/mxBvfpuQDpRQFMfuVr5aLcn4yveGvBZvw==",
      "cpu": [
        "arm64"
      ],
      "dev": true,
      "license": "MIT",
      "optional": true,
      "os": [
        "netbsd"
      ],
      "engines": {
        "node": ">=18"
      }
    },
    "node_modules/@esbuild/netbsd-x64": {
      "version": "0.25.5",
      "resolved": "https://registry.npmjs.org/@esbuild/netbsd-x64/-/netbsd-x64-0.25.5.tgz",
      "integrity": "sha512-WOb5fKrvVTRMfWFNCroYWWklbnXH0Q5rZppjq0vQIdlsQKuw6mdSihwSo4RV/YdQ5UCKKvBy7/0ZZYLBZKIbwQ==",
      "cpu": [
        "x64"
      ],
      "dev": true,
      "license": "MIT",
      "optional": true,
      "os": [
        "netbsd"
      ],
      "engines": {
        "node": ">=18"
      }
    },
    "node_modules/@esbuild/openbsd-arm64": {
      "version": "0.25.5",
      "resolved": "https://registry.npmjs.org/@esbuild/openbsd-arm64/-/openbsd-arm64-0.25.5.tgz",
      "integrity": "sha512-7A208+uQKgTxHd0G0uqZO8UjK2R0DDb4fDmERtARjSHWxqMTye4Erz4zZafx7Di9Cv+lNHYuncAkiGFySoD+Mw==",
      "cpu": [
        "arm64"
      ],
      "dev": true,
      "license": "MIT",
      "optional": true,
      "os": [
        "openbsd"
      ],
      "engines": {
        "node": ">=18"
      }
    },
    "node_modules/@esbuild/openbsd-x64": {
      "version": "0.25.5",
      "resolved": "https://registry.npmjs.org/@esbuild/openbsd-x64/-/openbsd-x64-0.25.5.tgz",
      "integrity": "sha512-G4hE405ErTWraiZ8UiSoesH8DaCsMm0Cay4fsFWOOUcz8b8rC6uCvnagr+gnioEjWn0wC+o1/TAHt+It+MpIMg==",
      "cpu": [
        "x64"
      ],
      "dev": true,
      "license": "MIT",
      "optional": true,
      "os": [
        "openbsd"
      ],
      "engines": {
        "node": ">=18"
      }
    },
    "node_modules/@esbuild/sunos-x64": {
      "version": "0.25.5",
      "resolved": "https://registry.npmjs.org/@esbuild/sunos-x64/-/sunos-x64-0.25.5.tgz",
      "integrity": "sha512-l+azKShMy7FxzY0Rj4RCt5VD/q8mG/e+mDivgspo+yL8zW7qEwctQ6YqKX34DTEleFAvCIUviCFX1SDZRSyMQA==",
      "cpu": [
        "x64"
      ],
      "dev": true,
      "license": "MIT",
      "optional": true,
      "os": [
        "sunos"
      ],
      "engines": {
        "node": ">=18"
      }
    },
    "node_modules/@esbuild/win32-arm64": {
      "version": "0.25.5",
      "resolved": "https://registry.npmjs.org/@esbuild/win32-arm64/-/win32-arm64-0.25.5.tgz",
      "integrity": "sha512-O2S7SNZzdcFG7eFKgvwUEZ2VG9D/sn/eIiz8XRZ1Q/DO5a3s76Xv0mdBzVM5j5R639lXQmPmSo0iRpHqUUrsxw==",
      "cpu": [
        "arm64"
      ],
      "dev": true,
      "license": "MIT",
      "optional": true,
      "os": [
        "win32"
      ],
      "engines": {
        "node": ">=18"
      }
    },
    "node_modules/@esbuild/win32-ia32": {
      "version": "0.25.5",
      "resolved": "https://registry.npmjs.org/@esbuild/win32-ia32/-/win32-ia32-0.25.5.tgz",
      "integrity": "sha512-onOJ02pqs9h1iMJ1PQphR+VZv8qBMQ77Klcsqv9CNW2w6yLqoURLcgERAIurY6QE63bbLuqgP9ATqajFLK5AMQ==",
      "cpu": [
        "ia32"
      ],
      "dev": true,
      "license": "MIT",
      "optional": true,
      "os": [
        "win32"
      ],
      "engines": {
        "node": ">=18"
      }
    },
    "node_modules/@esbuild/win32-x64": {
      "version": "0.25.5",
      "resolved": "https://registry.npmjs.org/@esbuild/win32-x64/-/win32-x64-0.25.5.tgz",
      "integrity": "sha512-TXv6YnJ8ZMVdX+SXWVBo/0p8LTcrUYngpWjvm91TMjjBQii7Oz11Lw5lbDV5Y0TzuhSJHwiH4hEtC1I42mMS0g==",
      "cpu": [
        "x64"
      ],
      "dev": true,
      "license": "MIT",
      "optional": true,
      "os": [
        "win32"
      ],
      "engines": {
        "node": ">=18"
      }
    },
    "node_modules/@octokit/app": {
      "version": "16.0.1",
      "resolved": "https://registry.npmjs.org/@octokit/app/-/app-16.0.1.tgz",
      "integrity": "sha512-kgTeTsWmpUX+s3Fs4EK4w1K+jWCDB6ClxLSWUWTyhlw7+L3jHtuXDR4QtABu2GsmCMdk67xRhruiXotS3ay3Yw==",
      "license": "MIT",
      "dependencies": {
        "@octokit/auth-app": "^8.0.1",
        "@octokit/auth-unauthenticated": "^7.0.1",
        "@octokit/core": "^7.0.2",
        "@octokit/oauth-app": "^8.0.1",
        "@octokit/plugin-paginate-rest": "^13.0.0",
        "@octokit/types": "^14.0.0",
        "@octokit/webhooks": "^14.0.0"
      },
      "engines": {
        "node": ">= 20"
      }
    },
    "node_modules/@octokit/auth-app": {
      "version": "8.0.1",
      "resolved": "https://registry.npmjs.org/@octokit/auth-app/-/auth-app-8.0.1.tgz",
      "integrity": "sha512-P2J5pB3pjiGwtJX4WqJVYCtNkcZ+j5T2Wm14aJAEIC3WJOrv12jvBley3G1U/XI8q9o1A7QMG54LiFED2BiFlg==",
      "license": "MIT",
      "dependencies": {
        "@octokit/auth-oauth-app": "^9.0.1",
        "@octokit/auth-oauth-user": "^6.0.0",
        "@octokit/request": "^10.0.2",
        "@octokit/request-error": "^7.0.0",
        "@octokit/types": "^14.0.0",
        "toad-cache": "^3.7.0",
        "universal-github-app-jwt": "^2.2.0",
        "universal-user-agent": "^7.0.0"
      },
      "engines": {
        "node": ">= 20"
      }
    },
    "node_modules/@octokit/auth-oauth-app": {
      "version": "9.0.1",
      "resolved": "https://registry.npmjs.org/@octokit/auth-oauth-app/-/auth-oauth-app-9.0.1.tgz",
      "integrity": "sha512-TthWzYxuHKLAbmxdFZwFlmwVyvynpyPmjwc+2/cI3cvbT7mHtsAW9b1LvQaNnAuWL+pFnqtxdmrU8QpF633i1g==",
      "license": "MIT",
      "dependencies": {
        "@octokit/auth-oauth-device": "^8.0.1",
        "@octokit/auth-oauth-user": "^6.0.0",
        "@octokit/request": "^10.0.2",
        "@octokit/types": "^14.0.0",
        "universal-user-agent": "^7.0.0"
      },
      "engines": {
        "node": ">= 20"
      }
    },
    "node_modules/@octokit/auth-oauth-device": {
      "version": "8.0.1",
      "resolved": "https://registry.npmjs.org/@octokit/auth-oauth-device/-/auth-oauth-device-8.0.1.tgz",
      "integrity": "sha512-TOqId/+am5yk9zor0RGibmlqn4V0h8vzjxlw/wYr3qzkQxl8aBPur384D1EyHtqvfz0syeXji4OUvKkHvxk/Gw==",
      "license": "MIT",
      "dependencies": {
        "@octokit/oauth-methods": "^6.0.0",
        "@octokit/request": "^10.0.2",
        "@octokit/types": "^14.0.0",
        "universal-user-agent": "^7.0.0"
      },
      "engines": {
        "node": ">= 20"
      }
    },
    "node_modules/@octokit/auth-oauth-user": {
      "version": "6.0.0",
      "resolved": "https://registry.npmjs.org/@octokit/auth-oauth-user/-/auth-oauth-user-6.0.0.tgz",
      "integrity": "sha512-GV9IW134PHsLhtUad21WIeP9mlJ+QNpFd6V9vuPWmaiN25HEJeEQUcS4y5oRuqCm9iWDLtfIs+9K8uczBXKr6A==",
      "license": "MIT",
      "dependencies": {
        "@octokit/auth-oauth-device": "^8.0.1",
        "@octokit/oauth-methods": "^6.0.0",
        "@octokit/request": "^10.0.2",
        "@octokit/types": "^14.0.0",
        "universal-user-agent": "^7.0.0"
      },
      "engines": {
        "node": ">= 20"
      }
    },
    "node_modules/@octokit/auth-token": {
      "version": "6.0.0",
      "resolved": "https://registry.npmjs.org/@octokit/auth-token/-/auth-token-6.0.0.tgz",
      "integrity": "sha512-P4YJBPdPSpWTQ1NU4XYdvHvXJJDxM6YwpS0FZHRgP7YFkdVxsWcpWGy/NVqlAA7PcPCnMacXlRm1y2PFZRWL/w==",
      "license": "MIT",
      "engines": {
        "node": ">= 20"
      }
    },
    "node_modules/@octokit/auth-unauthenticated": {
      "version": "7.0.1",
      "resolved": "https://registry.npmjs.org/@octokit/auth-unauthenticated/-/auth-unauthenticated-7.0.1.tgz",
      "integrity": "sha512-qVq1vdjLLZdE8kH2vDycNNjuJRCD1q2oet1nA/GXWaYlpDxlR7rdVhX/K/oszXslXiQIiqrQf+rdhDlA99JdTQ==",
      "license": "MIT",
      "dependencies": {
        "@octokit/request-error": "^7.0.0",
        "@octokit/types": "^14.0.0"
      },
      "engines": {
        "node": ">= 20"
      }
    },
    "node_modules/@octokit/core": {
      "version": "7.0.2",
      "resolved": "https://registry.npmjs.org/@octokit/core/-/core-7.0.2.tgz",
      "integrity": "sha512-ODsoD39Lq6vR6aBgvjTnA3nZGliknKboc9Gtxr7E4WDNqY24MxANKcuDQSF0jzapvGb3KWOEDrKfve4HoWGK+g==",
      "license": "MIT",
      "dependencies": {
        "@octokit/auth-token": "^6.0.0",
        "@octokit/graphql": "^9.0.1",
        "@octokit/request": "^10.0.2",
        "@octokit/request-error": "^7.0.0",
        "@octokit/types": "^14.0.0",
        "before-after-hook": "^4.0.0",
        "universal-user-agent": "^7.0.0"
      },
      "engines": {
        "node": ">= 20"
      }
    },
    "node_modules/@octokit/endpoint": {
      "version": "11.0.0",
      "resolved": "https://registry.npmjs.org/@octokit/endpoint/-/endpoint-11.0.0.tgz",
      "integrity": "sha512-hoYicJZaqISMAI3JfaDr1qMNi48OctWuOih1m80bkYow/ayPw6Jj52tqWJ6GEoFTk1gBqfanSoI1iY99Z5+ekQ==",
      "license": "MIT",
      "dependencies": {
        "@octokit/types": "^14.0.0",
        "universal-user-agent": "^7.0.2"
      },
      "engines": {
        "node": ">= 20"
      }
    },
    "node_modules/@octokit/graphql": {
      "version": "9.0.1",
      "resolved": "https://registry.npmjs.org/@octokit/graphql/-/graphql-9.0.1.tgz",
      "integrity": "sha512-j1nQNU1ZxNFx2ZtKmL4sMrs4egy5h65OMDmSbVyuCzjOcwsHq6EaYjOTGXPQxgfiN8dJ4CriYHk6zF050WEULg==",
      "license": "MIT",
      "dependencies": {
        "@octokit/request": "^10.0.2",
        "@octokit/types": "^14.0.0",
        "universal-user-agent": "^7.0.0"
      },
      "engines": {
        "node": ">= 20"
      }
    },
    "node_modules/@octokit/oauth-app": {
      "version": "8.0.1",
      "resolved": "https://registry.npmjs.org/@octokit/oauth-app/-/oauth-app-8.0.1.tgz",
      "integrity": "sha512-QnhMYEQpnYbEPn9cae+wXL2LuPMFglmfeuDJXXsyxIXdoORwkLK8y0cHhd/5du9MbO/zdG/BXixzB7EEwU63eQ==",
      "license": "MIT",
      "dependencies": {
        "@octokit/auth-oauth-app": "^9.0.1",
        "@octokit/auth-oauth-user": "^6.0.0",
        "@octokit/auth-unauthenticated": "^7.0.1",
        "@octokit/core": "^7.0.2",
        "@octokit/oauth-authorization-url": "^8.0.0",
        "@octokit/oauth-methods": "^6.0.0",
        "@types/aws-lambda": "^8.10.83",
        "universal-user-agent": "^7.0.0"
      },
      "engines": {
        "node": ">= 20"
      }
    },
    "node_modules/@octokit/oauth-authorization-url": {
      "version": "8.0.0",
      "resolved": "https://registry.npmjs.org/@octokit/oauth-authorization-url/-/oauth-authorization-url-8.0.0.tgz",
      "integrity": "sha512-7QoLPRh/ssEA/HuHBHdVdSgF8xNLz/Bc5m9fZkArJE5bb6NmVkDm3anKxXPmN1zh6b5WKZPRr3697xKT/yM3qQ==",
      "license": "MIT",
      "engines": {
        "node": ">= 20"
      }
    },
    "node_modules/@octokit/oauth-methods": {
      "version": "6.0.0",
      "resolved": "https://registry.npmjs.org/@octokit/oauth-methods/-/oauth-methods-6.0.0.tgz",
      "integrity": "sha512-Q8nFIagNLIZgM2odAraelMcDssapc+lF+y3OlcIPxyAU+knefO8KmozGqfnma1xegRDP4z5M73ABsamn72bOcA==",
      "license": "MIT",
      "dependencies": {
        "@octokit/oauth-authorization-url": "^8.0.0",
        "@octokit/request": "^10.0.2",
        "@octokit/request-error": "^7.0.0",
        "@octokit/types": "^14.0.0"
      },
      "engines": {
        "node": ">= 20"
      }
    },
    "node_modules/@octokit/openapi-types": {
      "version": "25.1.0",
      "resolved": "https://registry.npmjs.org/@octokit/openapi-types/-/openapi-types-25.1.0.tgz",
      "integrity": "sha512-idsIggNXUKkk0+BExUn1dQ92sfysJrje03Q0bv0e+KPLrvyqZF8MnBpFz8UNfYDwB3Ie7Z0TByjWfzxt7vseaA==",
      "license": "MIT"
    },
    "node_modules/@octokit/openapi-webhooks-types": {
      "version": "12.0.3",
      "resolved": "https://registry.npmjs.org/@octokit/openapi-webhooks-types/-/openapi-webhooks-types-12.0.3.tgz",
      "integrity": "sha512-90MF5LVHjBedwoHyJsgmaFhEN1uzXyBDRLEBe7jlTYx/fEhPAk3P3DAJsfZwC54m8hAIryosJOL+UuZHB3K3yA==",
      "license": "MIT"
    },
    "node_modules/@octokit/plugin-paginate-graphql": {
      "version": "6.0.0",
      "resolved": "https://registry.npmjs.org/@octokit/plugin-paginate-graphql/-/plugin-paginate-graphql-6.0.0.tgz",
      "integrity": "sha512-crfpnIoFiBtRkvPqOyLOsw12XsveYuY2ieP6uYDosoUegBJpSVxGwut9sxUgFFcll3VTOTqpUf8yGd8x1OmAkQ==",
      "license": "MIT",
      "engines": {
        "node": ">= 20"
      },
      "peerDependencies": {
        "@octokit/core": ">=6"
      }
    },
    "node_modules/@octokit/plugin-paginate-rest": {
      "version": "13.1.0",
      "resolved": "https://registry.npmjs.org/@octokit/plugin-paginate-rest/-/plugin-paginate-rest-13.1.0.tgz",
      "integrity": "sha512-16iNOa4rTTjaWtfsPGJcYYL79FJakseX8TQFIPfVuSPC3s5nkS/DSNQPFPc5lJHgEDBWNMxSApHrEymNblhA9w==",
      "license": "MIT",
      "dependencies": {
        "@octokit/types": "^14.1.0"
      },
      "engines": {
        "node": ">= 20"
      },
      "peerDependencies": {
        "@octokit/core": ">=6"
      }
    },
    "node_modules/@octokit/plugin-rest-endpoint-methods": {
      "version": "16.0.0",
      "resolved": "https://registry.npmjs.org/@octokit/plugin-rest-endpoint-methods/-/plugin-rest-endpoint-methods-16.0.0.tgz",
      "integrity": "sha512-kJVUQk6/dx/gRNLWUnAWKFs1kVPn5O5CYZyssyEoNYaFedqZxsfYs7DwI3d67hGz4qOwaJ1dpm07hOAD1BXx6g==",
      "license": "MIT",
      "dependencies": {
        "@octokit/types": "^14.1.0"
      },
      "engines": {
        "node": ">= 20"
      },
      "peerDependencies": {
        "@octokit/core": ">=6"
      }
    },
    "node_modules/@octokit/plugin-retry": {
      "version": "8.0.1",
      "resolved": "https://registry.npmjs.org/@octokit/plugin-retry/-/plugin-retry-8.0.1.tgz",
      "integrity": "sha512-KUoYR77BjF5O3zcwDQHRRZsUvJwepobeqiSSdCJ8lWt27FZExzb0GgVxrhhfuyF6z2B2zpO0hN5pteni1sqWiw==",
      "license": "MIT",
      "dependencies": {
        "@octokit/request-error": "^7.0.0",
        "@octokit/types": "^14.0.0",
        "bottleneck": "^2.15.3"
      },
      "engines": {
        "node": ">= 20"
      },
      "peerDependencies": {
        "@octokit/core": ">=7"
      }
    },
    "node_modules/@octokit/plugin-throttling": {
      "version": "11.0.1",
      "resolved": "https://registry.npmjs.org/@octokit/plugin-throttling/-/plugin-throttling-11.0.1.tgz",
      "integrity": "sha512-S+EVhy52D/272L7up58dr3FNSMXWuNZolkL4zMJBNIfIxyZuUcczsQAU4b5w6dewJXnKYVgSHSV5wxitMSW1kw==",
      "license": "MIT",
      "dependencies": {
        "@octokit/types": "^14.0.0",
        "bottleneck": "^2.15.3"
      },
      "engines": {
        "node": ">= 20"
      },
      "peerDependencies": {
        "@octokit/core": "^7.0.0"
      }
    },
    "node_modules/@octokit/request": {
      "version": "10.0.3",
      "resolved": "https://registry.npmjs.org/@octokit/request/-/request-10.0.3.tgz",
      "integrity": "sha512-V6jhKokg35vk098iBqp2FBKunk3kMTXlmq+PtbV9Gl3TfskWlebSofU9uunVKhUN7xl+0+i5vt0TGTG8/p/7HA==",
      "license": "MIT",
      "dependencies": {
        "@octokit/endpoint": "^11.0.0",
        "@octokit/request-error": "^7.0.0",
        "@octokit/types": "^14.0.0",
        "fast-content-type-parse": "^3.0.0",
        "universal-user-agent": "^7.0.2"
      },
      "engines": {
        "node": ">= 20"
      }
    },
    "node_modules/@octokit/request-error": {
      "version": "7.0.0",
      "resolved": "https://registry.npmjs.org/@octokit/request-error/-/request-error-7.0.0.tgz",
      "integrity": "sha512-KRA7VTGdVyJlh0cP5Tf94hTiYVVqmt2f3I6mnimmaVz4UG3gQV/k4mDJlJv3X67iX6rmN7gSHCF8ssqeMnmhZg==",
      "license": "MIT",
      "dependencies": {
        "@octokit/types": "^14.0.0"
      },
      "engines": {
        "node": ">= 20"
      }
    },
    "node_modules/@octokit/types": {
      "version": "14.1.0",
      "resolved": "https://registry.npmjs.org/@octokit/types/-/types-14.1.0.tgz",
      "integrity": "sha512-1y6DgTy8Jomcpu33N+p5w58l6xyt55Ar2I91RPiIA0xCJBXyUAhXCcmZaDWSANiha7R9a6qJJ2CRomGPZ6f46g==",
      "license": "MIT",
      "dependencies": {
        "@octokit/openapi-types": "^25.1.0"
      }
    },
    "node_modules/@octokit/webhooks": {
      "version": "14.0.2",
      "resolved": "https://registry.npmjs.org/@octokit/webhooks/-/webhooks-14.0.2.tgz",
      "integrity": "sha512-16TtZXNOfH8RaRsV+iag5dTYeJvdOdZDBcpEPCULdKS3eTRJqAYxBNZPFaDJ3cx3WNyvbaQ0IxsPpnaR/tgGFA==",
      "license": "MIT",
      "dependencies": {
        "@octokit/openapi-webhooks-types": "12.0.3",
        "@octokit/request-error": "^7.0.0",
        "@octokit/webhooks-methods": "^6.0.0"
      },
      "engines": {
        "node": ">= 20"
      }
    },
    "node_modules/@octokit/webhooks-methods": {
      "version": "6.0.0",
      "resolved": "https://registry.npmjs.org/@octokit/webhooks-methods/-/webhooks-methods-6.0.0.tgz",
      "integrity": "sha512-MFlzzoDJVw/GcbfzVC1RLR36QqkTLUf79vLVO3D+xn7r0QgxnFoLZgtrzxiQErAjFUOdH6fas2KeQJ1yr/qaXQ==",
      "license": "MIT",
      "engines": {
        "node": ">= 20"
      }
    },
    "node_modules/@types/aws-lambda": {
      "version": "8.10.150",
      "resolved": "https://registry.npmjs.org/@types/aws-lambda/-/aws-lambda-8.10.150.tgz",
      "integrity": "sha512-AX+AbjH/rH5ezX1fbK8onC/a+HyQHo7QGmvoxAE42n22OsciAxvZoZNEr22tbXs8WfP1nIsBjKDpgPm3HjOZbA==",
      "license": "MIT"
    },
    "node_modules/@types/node": {
      "version": "24.0.4",
      "resolved": "https://registry.npmjs.org/@types/node/-/node-24.0.4.tgz",
      "integrity": "sha512-ulyqAkrhnuNq9pB76DRBTkcS6YsmDALy6Ua63V8OhrOBgbcYt6IOdzpw5P1+dyRIyMerzLkeYWBeOXPpA9GMAA==",
      "dev": true,
      "license": "MIT",
      "dependencies": {
        "undici-types": "~7.8.0"
      }
    },
    "node_modules/@types/node-rsa": {
      "version": "1.1.4",
      "resolved": "https://registry.npmjs.org/@types/node-rsa/-/node-rsa-1.1.4.tgz",
      "integrity": "sha512-dB0ECel6JpMnq5ULvpUTunx3yNm8e/dIkv8Zu9p2c8me70xIRUUG3q+qXRwcSf9rN3oqamv4116iHy90dJGRpA==",
      "dev": true,
      "license": "MIT",
      "dependencies": {
        "@types/node": "*"
      }
    },
    "node_modules/asn1": {
      "version": "0.2.6",
      "resolved": "https://registry.npmjs.org/asn1/-/asn1-0.2.6.tgz",
      "integrity": "sha512-ix/FxPn0MDjeyJ7i/yoHGFt/EX6LyNbxSEhPPXODPL+KB0VPk86UYfL0lMdy+KCnv+fmvIzySwaK5COwqVbWTQ==",
      "license": "MIT",
      "dependencies": {
        "safer-buffer": "~2.1.0"
      }
    },
    "node_modules/before-after-hook": {
      "version": "4.0.0",
      "resolved": "https://registry.npmjs.org/before-after-hook/-/before-after-hook-4.0.0.tgz",
      "integrity": "sha512-q6tR3RPqIB1pMiTRMFcZwuG5T8vwp+vUvEG0vuI6B+Rikh5BfPp2fQ82c925FOs+b0lcFQ8CFrL+KbilfZFhOQ==",
      "license": "Apache-2.0"
    },
    "node_modules/bottleneck": {
      "version": "2.19.5",
      "resolved": "https://registry.npmjs.org/bottleneck/-/bottleneck-2.19.5.tgz",
      "integrity": "sha512-VHiNCbI1lKdl44tGrhNfU3lup0Tj/ZBMJB5/2ZbNXRCPuRCO7ed2mgcK4r17y+KB2EfuYuRaVlwNbAeaWGSpbw==",
      "license": "MIT"
    },
    "node_modules/dotenv": {
      "version": "16.5.0",
      "resolved": "https://registry.npmjs.org/dotenv/-/dotenv-16.5.0.tgz",
      "integrity": "sha512-m/C+AwOAr9/W1UOIZUo232ejMNnJAJtYQjUbHoNTBNTJSvqzzDh7vnrei3o3r3m9blf6ZoDkvcw0VmozNRFJxg==",
      "license": "BSD-2-Clause",
      "engines": {
        "node": ">=12"
      },
      "funding": {
        "url": "https://dotenvx.com"
      }
    },
    "node_modules/esbuild": {
      "version": "0.25.5",
      "resolved": "https://registry.npmjs.org/esbuild/-/esbuild-0.25.5.tgz",
      "integrity": "sha512-P8OtKZRv/5J5hhz0cUAdu/cLuPIKXpQl1R9pZtvmHWQvrAUVd0UNIPT4IB4W3rNOqVO0rlqHmCIbSwxh/c9yUQ==",
      "dev": true,
      "hasInstallScript": true,
      "license": "MIT",
      "bin": {
        "esbuild": "bin/esbuild"
      },
      "engines": {
        "node": ">=18"
      },
      "optionalDependencies": {
        "@esbuild/aix-ppc64": "0.25.5",
        "@esbuild/android-arm": "0.25.5",
        "@esbuild/android-arm64": "0.25.5",
        "@esbuild/android-x64": "0.25.5",
        "@esbuild/darwin-arm64": "0.25.5",
        "@esbuild/darwin-x64": "0.25.5",
        "@esbuild/freebsd-arm64": "0.25.5",
        "@esbuild/freebsd-x64": "0.25.5",
        "@esbuild/linux-arm": "0.25.5",
        "@esbuild/linux-arm64": "0.25.5",
        "@esbuild/linux-ia32": "0.25.5",
        "@esbuild/linux-loong64": "0.25.5",
        "@esbuild/linux-mips64el": "0.25.5",
        "@esbuild/linux-ppc64": "0.25.5",
        "@esbuild/linux-riscv64": "0.25.5",
        "@esbuild/linux-s390x": "0.25.5",
        "@esbuild/linux-x64": "0.25.5",
        "@esbuild/netbsd-arm64": "0.25.5",
        "@esbuild/netbsd-x64": "0.25.5",
        "@esbuild/openbsd-arm64": "0.25.5",
        "@esbuild/openbsd-x64": "0.25.5",
        "@esbuild/sunos-x64": "0.25.5",
        "@esbuild/win32-arm64": "0.25.5",
        "@esbuild/win32-ia32": "0.25.5",
        "@esbuild/win32-x64": "0.25.5"
      }
    },
    "node_modules/eventsource": {
      "version": "4.0.0",
      "resolved": "https://registry.npmjs.org/eventsource/-/eventsource-4.0.0.tgz",
      "integrity": "sha512-fvIkb9qZzdMxgZrEQDyll+9oJsyaVvY92I2Re+qK0qEJ+w5s0X3dtz+M0VAPOjP1gtU3iqWyjQ0G3nvd5CLZ2g==",
      "license": "MIT",
      "dependencies": {
        "eventsource-parser": "^3.0.1"
      },
      "engines": {
        "node": ">=20.0.0"
      }
    },
    "node_modules/eventsource-parser": {
      "version": "3.0.2",
      "resolved": "https://registry.npmjs.org/eventsource-parser/-/eventsource-parser-3.0.2.tgz",
      "integrity": "sha512-6RxOBZ/cYgd8usLwsEl+EC09Au/9BcmCKYF2/xbml6DNczf7nv0MQb+7BA2F+li6//I+28VNlQR37XfQtcAJuA==",
      "license": "MIT",
      "engines": {
        "node": ">=18.0.0"
      }
    },
    "node_modules/fast-content-type-parse": {
      "version": "3.0.0",
      "resolved": "https://registry.npmjs.org/fast-content-type-parse/-/fast-content-type-parse-3.0.0.tgz",
      "integrity": "sha512-ZvLdcY8P+N8mGQJahJV5G4U88CSvT1rP8ApL6uETe88MBXrBHAkZlSEySdUlyztF7ccb+Znos3TFqaepHxdhBg==",
      "funding": [
        {
          "type": "github",
          "url": "https://github.com/sponsors/fastify"
        },
        {
          "type": "opencollective",
          "url": "https://opencollective.com/fastify"
        }
      ],
      "license": "MIT"
    },
    "node_modules/fsevents": {
      "version": "2.3.3",
      "resolved": "https://registry.npmjs.org/fsevents/-/fsevents-2.3.3.tgz",
      "integrity": "sha512-5xoDfX+fL7faATnagmWPpbFtwh/R77WmMMqqHGS65C3vvB0YHrgF+B1YmZ3441tMj5n63k0212XNoJwzlhffQw==",
      "dev": true,
      "hasInstallScript": true,
      "license": "MIT",
      "optional": true,
      "os": [
        "darwin"
      ],
      "engines": {
        "node": "^8.16.0 || ^10.6.0 || >=11.0.0"
      }
    },
    "node_modules/get-tsconfig": {
      "version": "4.10.1",
      "resolved": "https://registry.npmjs.org/get-tsconfig/-/get-tsconfig-4.10.1.tgz",
      "integrity": "sha512-auHyJ4AgMz7vgS8Hp3N6HXSmlMdUyhSUrfBF16w153rxtLIEOE+HGqaBppczZvnHLqQJfiHotCYpNhl0lUROFQ==",
      "dev": true,
      "license": "MIT",
      "dependencies": {
        "resolve-pkg-maps": "^1.0.0"
      },
      "funding": {
        "url": "https://github.com/privatenumber/get-tsconfig?sponsor=1"
      }
    },
    "node_modules/node-rsa": {
      "version": "1.1.1",
      "resolved": "https://registry.npmjs.org/node-rsa/-/node-rsa-1.1.1.tgz",
      "integrity": "sha512-Jd4cvbJMryN21r5HgxQOpMEqv+ooke/korixNNK3mGqfGJmy0M77WDDzo/05969+OkMy3XW1UuZsSmW9KQm7Fw==",
      "license": "MIT",
      "dependencies": {
        "asn1": "^0.2.4"
      }
    },
    "node_modules/octokit": {
      "version": "5.0.3",
      "resolved": "https://registry.npmjs.org/octokit/-/octokit-5.0.3.tgz",
      "integrity": "sha512-+bwYsAIRmYv30NTmBysPIlgH23ekVDriB07oRxlPIAH5PI0yTMSxg5i5Xy0OetcnZw+nk/caD4szD7a9YZ3QyQ==",
      "license": "MIT",
      "dependencies": {
        "@octokit/app": "^16.0.1",
        "@octokit/core": "^7.0.2",
        "@octokit/oauth-app": "^8.0.1",
        "@octokit/plugin-paginate-graphql": "^6.0.0",
        "@octokit/plugin-paginate-rest": "^13.0.0",
        "@octokit/plugin-rest-endpoint-methods": "^16.0.0",
        "@octokit/plugin-retry": "^8.0.1",
        "@octokit/plugin-throttling": "^11.0.1",
        "@octokit/request-error": "^7.0.0",
        "@octokit/types": "^14.0.0",
        "@octokit/webhooks": "^14.0.0"
      },
      "engines": {
        "node": ">= 20"
      }
    },
    "node_modules/resolve-pkg-maps": {
      "version": "1.0.0",
      "resolved": "https://registry.npmjs.org/resolve-pkg-maps/-/resolve-pkg-maps-1.0.0.tgz",
      "integrity": "sha512-seS2Tj26TBVOC2NIc2rOe2y2ZO7efxITtLZcGSOnHHNOQ7CkiUBfw0Iw2ck6xkIhPwLhKNLS8BO+hEpngQlqzw==",
      "dev": true,
      "license": "MIT",
      "funding": {
        "url": "https://github.com/privatenumber/resolve-pkg-maps?sponsor=1"
      }
    },
    "node_modules/safer-buffer": {
      "version": "2.1.2",
      "resolved": "https://registry.npmjs.org/safer-buffer/-/safer-buffer-2.1.2.tgz",
      "integrity": "sha512-YZo3K82SD7Riyi0E1EQPojLz7kpepnSQI9IyPbHHg1XXXevb5dJI7tpyN2ADxGcQbHG7vcyRHk0cbwqcQriUtg==",
      "license": "MIT"
    },
    "node_modules/smee-client": {
      "version": "4.3.1",
      "resolved": "https://registry.npmjs.org/smee-client/-/smee-client-4.3.1.tgz",
      "integrity": "sha512-4x8Plwtzx/w9N/0TT2tegle6zaDkPnUrPLZUhDt1phUlMMRhlYuSDdEKl0LygZPegsztYd7sWmcYAm8UQ60xQA==",
      "license": "ISC",
      "dependencies": {
        "eventsource": "^4.0.0",
        "undici": "^7.0.0",
        "validator": "^13.11.0"
      },
      "bin": {
        "smee": "bin/smee.js"
      },
      "engines": {
        "node": "^20.18 || >= 22"
      }
    },
    "node_modules/toad-cache": {
      "version": "3.7.0",
      "resolved": "https://registry.npmjs.org/toad-cache/-/toad-cache-3.7.0.tgz",
      "integrity": "sha512-/m8M+2BJUpoJdgAHoG+baCwBT+tf2VraSfkBgl0Y00qIWt41DJ8R5B8nsEw0I58YwF5IZH6z24/2TobDKnqSWw==",
      "license": "MIT",
      "engines": {
        "node": ">=12"
      }
    },
    "node_modules/tsx": {
      "version": "4.20.3",
      "resolved": "https://registry.npmjs.org/tsx/-/tsx-4.20.3.tgz",
      "integrity": "sha512-qjbnuR9Tr+FJOMBqJCW5ehvIo/buZq7vH7qD7JziU98h6l3qGy0a/yPFjwO+y0/T7GFpNgNAvEcPPVfyT8rrPQ==",
      "dev": true,
      "license": "MIT",
      "dependencies": {
        "esbuild": "~0.25.0",
        "get-tsconfig": "^4.7.5"
      },
      "bin": {
        "tsx": "dist/cli.mjs"
      },
      "engines": {
        "node": ">=18.0.0"
      },
      "optionalDependencies": {
        "fsevents": "~2.3.3"
      }
    },
    "node_modules/undici": {
      "version": "7.10.0",
      "resolved": "https://registry.npmjs.org/undici/-/undici-7.10.0.tgz",
      "integrity": "sha512-u5otvFBOBZvmdjWLVW+5DAc9Nkq8f24g0O9oY7qw2JVIF1VocIFoyz9JFkuVOS2j41AufeO0xnlweJ2RLT8nGw==",
      "license": "MIT",
      "engines": {
        "node": ">=20.18.1"
      }
    },
    "node_modules/undici-types": {
      "version": "7.8.0",
      "resolved": "https://registry.npmjs.org/undici-types/-/undici-types-7.8.0.tgz",
      "integrity": "sha512-9UJ2xGDvQ43tYyVMpuHlsgApydB8ZKfVYTsLDhXkFL/6gfkp+U8xTGdh8pMJv1SpZna0zxG1DwsKZsreLbXBxw==",
      "dev": true,
      "license": "MIT"
    },
    "node_modules/universal-github-app-jwt": {
      "version": "2.2.2",
      "resolved": "https://registry.npmjs.org/universal-github-app-jwt/-/universal-github-app-jwt-2.2.2.tgz",
      "integrity": "sha512-dcmbeSrOdTnsjGjUfAlqNDJrhxXizjAz94ija9Qw8YkZ1uu0d+GoZzyH+Jb9tIIqvGsadUfwg+22k5aDqqwzbw==",
      "license": "MIT"
    },
    "node_modules/universal-user-agent": {
      "version": "7.0.3",
      "resolved": "https://registry.npmjs.org/universal-user-agent/-/universal-user-agent-7.0.3.tgz",
      "integrity": "sha512-TmnEAEAsBJVZM/AADELsK76llnwcf9vMKuPz8JflO1frO8Lchitr0fNaN9d+Ap0BjKtqWqd/J17qeDnXh8CL2A==",
      "license": "ISC"
    },
    "node_modules/validator": {
      "version": "13.15.15",
      "resolved": "https://registry.npmjs.org/validator/-/validator-13.15.15.tgz",
      "integrity": "sha512-BgWVbCI72aIQy937xbawcs+hrVaN/CZ2UwutgaJ36hGqRrLNM+f5LUT/YPRbo8IV/ASeFzXszezV+y2+rq3l8A==",
      "license": "MIT",
      "engines": {
        "node": ">= 0.10"
      }
    }
  }
}
